
Microsoft Visual Studio Solution File, Format Version 12.00
# Visual Studio Version 17
VisualStudioVersion = 17.7.34031.279
MinimumVisualStudioVersion = 10.0.40219.1
Project("{FAE04EC0-301F-11D3-BF4B-00C04F79EFBC}") = "VehicleRentalApp", "VehicleRentalApp\VehicleRentalApp.csproj", "{CAA88B6E-A15B-414D-939C-7D1E2E60C293}"
EndProject
Global
	GlobalSection(SolutionConfigurationPlatforms) = preSolution
		Debug|Any CPU = Debug|Any CPU
		Release|Any CPU = Release|Any CPU
	EndGlobalSection
	GlobalSection(ProjectConfigurationPlatforms) = postSolution
		{CAA88B6E-A15B-414D-939C-7D1E2E60C293}.Debug|Any CPU.ActiveCfg = Debug|Any CPU
		{CAA88B6E-A15B-414D-939C-7D1E2E60C293}.Debug|Any CPU.Build.0 = Debug|Any CPU
		{CAA88B6E-A15B-414D-939C-7D1E2E60C293}.Release|Any CPU.ActiveCfg = Release|Any CPU
		{CAA88B6E-A15B-414D-939C-7D1E2E60C293}.Release|Any CPU.Build.0 = Release|Any CPU
	EndGlobalSection
	GlobalSection(SolutionProperties) = preSolution
		HideSolutionNode = FALSE
	EndGlobalSection
	GlobalSection(ExtensibilityGlobals) = postSolution
		SolutionGuid = {94DBBC72-C722-4DDB-A95C-111A337B7762}
	EndGlobalSection
EndGlobal
